
Microsoft Visual Studio Solution File, Format Version 12.00
# Visual Studio 15
VisualStudioVersion = 15.0.26228.4
MinimumVisualStudioVersion = 10.0.40219.1
Project("{FAE04EC0-301F-11D3-BF4B-00C04F79EFBC}") = "yxz", "yxz.csproj", "{F6336F1F-E0F2-4D51-8D8F-AACDF880C63A}"
EndProject
Project("{FAE04EC0-301F-11D3-BF4B-00C04F79EFBC}") = "demo", "..\demo\demo.csproj", "{E69969C4-32C1-44D2-BD36-A6FFF4E25B40}"
EndProject
Global
	GlobalSection(SolutionConfigurationPlatforms) = preSolution
		Debug|Any CPU = Debug|Any CPU
		Release|Any CPU = Release|Any CPU
	EndGlobalSection
	GlobalSection(ProjectConfigurationPlatforms) = postSolution
		{F6336F1F-E0F2-4D51-8D8F-AACDF880C63A}.Debug|Any CPU.ActiveCfg = Debug|Any CPU
		{F6336F1F-E0F2-4D51-8D8F-AACDF880C63A}.Debug|Any CPU.Build.0 = Debug|Any CPU
		{F6336F1F-E0F2-4D51-8D8F-AACDF880C63A}.Release|Any CPU.ActiveCfg = Release|Any CPU
		{F6336F1F-E0F2-4D51-8D8F-AACDF880C63A}.Release|Any CPU.Build.0 = Release|Any CPU
		{E69969C4-32C1-44D2-BD36-A6FFF4E25B40}.Debug|Any CPU.ActiveCfg = Debug|Any CPU
		{E69969C4-32C1-44D2-BD36-A6FFF4E25B40}.Debug|Any CPU.Build.0 = Debug|Any CPU
		{E69969C4-32C1-44D2-BD36-A6FFF4E25B40}.Release|Any CPU.ActiveCfg = Release|Any CPU
		{E69969C4-32C1-44D2-BD36-A6FFF4E25B40}.Release|Any CPU.Build.0 = Release|Any CPU
	EndGlobalSection
	GlobalSection(SolutionProperties) = preSolution
		HideSolutionNode = FALSE
	EndGlobalSection
EndGlobal
