
Microsoft Visual Studio Solution File, Format Version 12.00
# Visual Studio Version 16
VisualStudioVersion = 16.0.29409.12
MinimumVisualStudioVersion = 10.0.40219.1
Project("{FAE04EC0-301F-11D3-BF4B-00C04F79EFBC}") = "yxz", "yxz.csproj", "{F6336F1F-E0F2-4D51-8D8F-AACDF880C63A}"
EndProject
Global
	GlobalSection(SolutionConfigurationPlatforms) = preSolution
		Debug|Any CPU = Debug|Any CPU
		Release|Any CPU = Release|Any CPU
	EndGlobalSection
	GlobalSection(ProjectConfigurationPlatforms) = postSolution
		{F6336F1F-E0F2-4D51-8D8F-AACDF880C63A}.Debug|Any CPU.ActiveCfg = Debug|Any CPU
		{F6336F1F-E0F2-4D51-8D8F-AACDF880C63A}.Debug|Any CPU.Build.0 = Debug|Any CPU
		{F6336F1F-E0F2-4D51-8D8F-AACDF880C63A}.Release|Any CPU.ActiveCfg = Release|Any CPU
		{F6336F1F-E0F2-4D51-8D8F-AACDF880C63A}.Release|Any CPU.Build.0 = Release|Any CPU
	EndGlobalSection
	GlobalSection(SolutionProperties) = preSolution
		HideSolutionNode = FALSE
	EndGlobalSection
	GlobalSection(ExtensibilityGlobals) = postSolution
		SolutionGuid = {7653082F-DE73-4EBF-BF22-22AE82B967B7}
	EndGlobalSection
EndGlobal
