
Microsoft Visual Studio Solution File, Format Version 12.00
# Visual Studio 14
VisualStudioVersion = 14.0.23107.0
MinimumVisualStudioVersion = 10.0.40219.1
Project("{FAE04EC0-301F-11D3-BF4B-00C04F79EFBC}") = "mysql_tengxunyun", "mysql_tengxunyun.csproj", "{B7FAC2EC-14CB-4A02-A2D6-19E1C6C7652F}"
EndProject
Global
	GlobalSection(SolutionConfigurationPlatforms) = preSolution
		Debug|Any CPU = Debug|Any CPU
		Release|Any CPU = Release|Any CPU
	EndGlobalSection
	GlobalSection(ProjectConfigurationPlatforms) = postSolution
		{B7FAC2EC-14CB-4A02-A2D6-19E1C6C7652F}.Debug|Any CPU.ActiveCfg = Debug|Any CPU
		{B7FAC2EC-14CB-4A02-A2D6-19E1C6C7652F}.Debug|Any CPU.Build.0 = Debug|Any CPU
		{B7FAC2EC-14CB-4A02-A2D6-19E1C6C7652F}.Release|Any CPU.ActiveCfg = Release|Any CPU
		{B7FAC2EC-14CB-4A02-A2D6-19E1C6C7652F}.Release|Any CPU.Build.0 = Release|Any CPU
	EndGlobalSection
	GlobalSection(SolutionProperties) = preSolution
		HideSolutionNode = FALSE
	EndGlobalSection
EndGlobal
